
Microsoft Visual Studio Solution File, Format Version 12.00
# Visual Studio Version 17
VisualStudioVersion = 17.3.32819.101
MinimumVisualStudioVersion = 10.0.40219.1
Project("{FAE04EC0-301F-11D3-BF4B-00C04F79EFBC}") = "AddressBookAPI", "AddressBookAPI\AddressBookAPI.csproj", "{FF749D66-D1A3-4C43-9EA1-4FADB79471EC}"
EndProject
Global
	GlobalSection(SolutionConfigurationPlatforms) = preSolution
		Debug|Any CPU = Debug|Any CPU
		Release|Any CPU = Release|Any CPU
	EndGlobalSection
	GlobalSection(ProjectConfigurationPlatforms) = postSolution
		{FF749D66-D1A3-4C43-9EA1-4FADB79471EC}.Debug|Any CPU.ActiveCfg = Debug|Any CPU
		{FF749D66-D1A3-4C43-9EA1-4FADB79471EC}.Debug|Any CPU.Build.0 = Debug|Any CPU
		{FF749D66-D1A3-4C43-9EA1-4FADB79471EC}.Release|Any CPU.ActiveCfg = Release|Any CPU
		{FF749D66-D1A3-4C43-9EA1-4FADB79471EC}.Release|Any CPU.Build.0 = Release|Any CPU
	EndGlobalSection
	GlobalSection(SolutionProperties) = preSolution
		HideSolutionNode = FALSE
	EndGlobalSection
	GlobalSection(ExtensibilityGlobals) = postSolution
		SolutionGuid = {EA153264-3580-4646-9D6C-840DDD037640}
	EndGlobalSection
EndGlobal
